{
  "requires": true,
  "lockfileVersion": 1,
  "dependencies": {
    "nouislider": {
      "version": "14.1.1",
      "resolved": "https://registry.npmjs.org/nouislider/-/nouislider-14.1.1.tgz",
      "integrity": "sha512-3/+Z/pTBoWoJf2YXSEWRmS27LW2XxOBmGEzkPyRzB/J6QvL+0mS3QwcQp0SmWhgO5CMzbSxPmb1lDDD4HP12bg=="
    }
  }
}
